// !$*UTF8*$!
{
	archiveVersion = 1;
	classes = {
	};
	objectVersion = 46;
	objects = {

/* Begin PBXBuildFile section */
		D17F374E1CBEA202007E19F9 /* AppDelegate.swift in Sources */ = {isa = PBXBuildFile; fileRef = D17F374D1CBEA202007E19F9 /* AppDelegate.swift */; };
		D17F37561CBEA202007E19F9 /* PostNote.xcdatamodeld in Sources */ = {isa = PBXBuildFile; fileRef = D17F37541CBEA202007E19F9 /* PostNote.xcdatamodeld */; };
		D17F37581CBEA202007E19F9 /* Assets.xcassets in Resources */ = {isa = PBXBuildFile; fileRef = D17F37571CBEA202007E19F9 /* Assets.xcassets */; };
		D17F375B1CBEA202007E19F9 /* LaunchScreen.storyboard in Resources */ = {isa = PBXBuildFile; fileRef = D17F37591CBEA202007E19F9 /* LaunchScreen.storyboard */; };
		D17F37631CBEA262007E19F9 /* HomePageViewController.swift in Sources */ = {isa = PBXBuildFile; fileRef = D17F37621CBEA262007E19F9 /* HomePageViewController.swift */; };
		D17F37651CBEA769007E19F9 /* EditViewController.swift in Sources */ = {isa = PBXBuildFile; fileRef = D17F37641CBEA769007E19F9 /* EditViewController.swift */; };
		D17F37671CBF7BE4007E19F9 /* ListViewController.swift in Sources */ = {isa = PBXBuildFile; fileRef = D17F37661CBF7BE4007E19F9 /* ListViewController.swift */; };
		D17F37691CBF7C22007E19F9 /* MyTableViewCell.swift in Sources */ = {isa = PBXBuildFile; fileRef = D17F37681CBF7C22007E19F9 /* MyTableViewCell.swift */; };
		D17F376C1CBF7C79007E19F9 /* DeatilViewController.swift in Sources */ = {isa = PBXBuildFile; fileRef = D17F376B1CBF7C79007E19F9 /* DeatilViewController.swift */; };
		D17F376E1CBF7F4A007E19F9 /* Note.swift in Sources */ = {isa = PBXBuildFile; fileRef = D17F376D1CBF7F4A007E19F9 /* Note.swift */; };
/* End PBXBuildFile section */

/* Begin PBXFileReference section */
		D17F374A1CBEA202007E19F9 /* PostNote.app */ = {isa = PBXFileReference; explicitFileType = wrapper.application; includeInIndex = 0; path = PostNote.app; sourceTree = BUILT_PRODUCTS_DIR; };
		D17F374D1CBEA202007E19F9 /* AppDelegate.swift */ = {isa = PBXFileReference; lastKnownFileType = sourcecode.swift; path = AppDelegate.swift; sourceTree = "<group>"; };
		D17F37551CBEA202007E19F9 /* PostNote.xcdatamodel */ = {isa = PBXFileReference; lastKnownFileType = wrapper.xcdatamodel; path = PostNote.xcdatamodel; sourceTree = "<group>"; };
		D17F37571CBEA202007E19F9 /* Assets.xcassets */ = {isa = PBXFileReference; lastKnownFileType = folder.assetcatalog; path = Assets.xcassets; sourceTree = "<group>"; };
		D17F375A1CBEA202007E19F9 /* Base */ = {isa = PBXFileReference; lastKnownFileType = file.storyboard; name = Base; path = Base.lproj/LaunchScreen.storyboard; sourceTree = "<group>"; };
		D17F375C1CBEA202007E19F9 /* Info.plist */ = {isa = PBXFileReference; lastKnownFileType = text.plist.xml; path = Info.plist; sourceTree = "<group>"; };
		D17F37621CBEA262007E19F9 /* HomePageViewController.swift */ = {isa = PBXFileReference; fileEncoding = 4; lastKnownFileType = sourcecode.swift; path = HomePageViewController.swift; sourceTree = "<group>"; };
		D17F37641CBEA769007E19F9 /* EditViewController.swift */ = {isa = PBXFileReference; fileEncoding = 4; lastKnownFileType = sourcecode.swift; path = EditViewController.swift; sourceTree = "<group>"; };
		D17F37661CBF7BE4007E19F9 /* ListViewController.swift */ = {isa = PBXFileReference; fileEncoding = 4; lastKnownFileType = sourcecode.swift; path = ListViewController.swift; sourceTree = "<group>"; };
		D17F37681CBF7C22007E19F9 /* MyTableViewCell.swift */ = {isa = PBXFileReference; fileEncoding = 4; lastKnownFileType = sourcecode.swift; path = MyTableViewCell.swift; sourceTree = "<group>"; };
		D17F376B1CBF7C79007E19F9 /* DeatilViewController.swift */ = {isa = PBXFileReference; fileEncoding = 4; lastKnownFileType = sourcecode.swift; path = DeatilViewController.swift; sourceTree = "<group>"; };
		D17F376D1CBF7F4A007E19F9 /* Note.swift */ = {isa = PBXFileReference; fileEncoding = 4; lastKnownFileType = sourcecode.swift; path = Note.swift; sourceTree = "<group>"; };
/* End PBXFileReference section */

/* Begin PBXFrameworksBuildPhase section */
		D17F37471CBEA202007E19F9 /* Frameworks */ = {
			isa = PBXFrameworksBuildPhase;
			buildActionMask = 2147483647;
			files = (
			);
			runOnlyForDeploymentPostprocessing = 0;
		};
/* End PBXFrameworksBuildPhase section */

/* Begin PBXGroup section */
		D17F37411CBEA202007E19F9 = {
			isa = PBXGroup;
			children = (
				D17F374C1CBEA202007E19F9 /* PostNote */,
				D17F374B1CBEA202007E19F9 /* Products */,
			);
			sourceTree = "<group>";
		};
		D17F374B1CBEA202007E19F9 /* Products */ = {
			isa = PBXGroup;
			children = (
				D17F374A1CBEA202007E19F9 /* PostNote.app */,
			);
			name = Products;
			sourceTree = "<group>";
		};
		D17F374C1CBEA202007E19F9 /* PostNote */ = {
			isa = PBXGroup;
			children = (
				D17F374D1CBEA202007E19F9 /* AppDelegate.swift */,
				D17F37621CBEA262007E19F9 /* HomePageViewController.swift */,
				D17F37641CBEA769007E19F9 /* EditViewController.swift */,
				D17F376A1CBF7C2A007E19F9 /* List */,
				D17F376F1CBF8091007E19F9 /* CoreData */,
				D17F37571CBEA202007E19F9 /* Assets.xcassets */,
				D17F37591CBEA202007E19F9 /* LaunchScreen.storyboard */,
				D17F375C1CBEA202007E19F9 /* Info.plist */,
			);
			path = PostNote;
			sourceTree = "<group>";
		};
		D17F376A1CBF7C2A007E19F9 /* List */ = {
			isa = PBXGroup;
			children = (
				D17F37661CBF7BE4007E19F9 /* ListViewController.swift */,
				D17F37681CBF7C22007E19F9 /* MyTableViewCell.swift */,
				D17F376B1CBF7C79007E19F9 /* DeatilViewController.swift */,
			);
			name = List;
			sourceTree = "<group>";
		};
		D17F376F1CBF8091007E19F9 /* CoreData */ = {
			isa = PBXGroup;
			children = (
				D17F376D1CBF7F4A007E19F9 /* Note.swift */,
				D17F37541CBEA202007E19F9 /* PostNote.xcdatamodeld */,
			);
			name = CoreData;
			sourceTree = "<group>";
		};
/* End PBXGroup section */

/* Begin PBXNativeTarget section */
		D17F37491CBEA202007E19F9 /* PostNote */ = {
			isa = PBXNativeTarget;
			buildConfigurationList = D17F375F1CBEA202007E19F9 /* Build configuration list for PBXNativeTarget "PostNote" */;
			buildPhases = (
				D17F37461CBEA202007E19F9 /* Sources */,
				D17F37471CBEA202007E19F9 /* Frameworks */,
				D17F37481CBEA202007E19F9 /* Resources */,
			);
			buildRules = (
			);
			dependencies = (
			);
			name = PostNote;
			productName = PostNote;
			productReference = D17F374A1CBEA202007E19F9 /* PostNote.app */;
			productType = "com.apple.product-type.application";
		};
/* End PBXNativeTarget section */

/* Begin PBXProject section */
		D17F37421CBEA202007E19F9 /* Project object */ = {
			isa = PBXProject;
			attributes = {
				LastSwiftUpdateCheck = 0720;
				LastUpgradeCheck = 0720;
				ORGANIZATIONNAME = TSENG;
				TargetAttributes = {
					D17F37491CBEA202007E19F9 = {
						CreatedOnToolsVersion = 7.2;
					};
				};
			};
			buildConfigurationList = D17F37451CBEA202007E19F9 /* Build configuration list for PBXProject "PostNote" */;
			compatibilityVersion = "Xcode 3.2";
			developmentRegion = English;
			hasScannedForEncodings = 0;
			knownRegions = (
				en,
				Base,
			);
			mainGroup = D17F37411CBEA202007E19F9;
			productRefGroup = D17F374B1CBEA202007E19F9 /* Products */;
			projectDirPath = "";
			projectRoot = "";
			targets = (
				D17F37491CBEA202007E19F9 /* PostNote */,
			);
		};
/* End PBXProject section */

/* Begin PBXResourcesBuildPhase section */
		D17F37481CBEA202007E19F9 /* Resources */ = {
			isa = PBXResourcesBuildPhase;
			buildActionMask = 2147483647;
			files = (
				D17F375B1CBEA202007E19F9 /* LaunchScreen.storyboard in Resources */,
				D17F37581CBEA202007E19F9 /* Assets.xcassets in Resources */,
			);
			runOnlyForDeploymentPostprocessing = 0;
		};
/* End PBXResourcesBuildPhase section */

/* Begin PBXSourcesBuildPhase section */
		D17F37461CBEA202007E19F9 /* Sources */ = {
			isa = PBXSourcesBuildPhase;
			buildActionMask = 2147483647;
			files = (
				D17F37651CBEA769007E19F9 /* EditViewController.swift in Sources */,
				D17F37561CBEA202007E19F9 /* PostNote.xcdatamodeld in Sources */,
				D17F374E1CBEA202007E19F9 /* AppDelegate.swift in Sources */,
				D17F376E1CBF7F4A007E19F9 /* Note.swift in Sources */,
				D17F376C1CBF7C79007E19F9 /* DeatilViewController.swift in Sources */,
				D17F37671CBF7BE4007E19F9 /* ListViewController.swift in Sources */,
				D17F37631CBEA262007E19F9 /* HomePageViewController.swift in Sources */,
				D17F37691CBF7C22007E19F9 /* MyTableViewCell.swift in Sources */,
			);
			runOnlyForDeploymentPostprocessing = 0;
		};
/* End PBXSourcesBuildPhase section */

/* Begin PBXVariantGroup section */
		D17F37591CBEA202007E19F9 /* LaunchScreen.storyboard */ = {
			isa = PBXVariantGroup;
			children = (
				D17F375A1CBEA202007E19F9 /* Base */,
			);
			name = LaunchScreen.storyboard;
			sourceTree = "<group>";
		};
/* End PBXVariantGroup section */

/* Begin XCBuildConfiguration section */
		D17F375D1CBEA202007E19F9 /* Debug */ = {
			isa = XCBuildConfiguration;
			buildSettings = {
				ALWAYS_SEARCH_USER_PATHS = NO;
				CLANG_CXX_LANGUAGE_STANDARD = "gnu++0x";
				CLANG_CXX_LIBRARY = "libc++";
				CLANG_ENABLE_MODULES = YES;
				CLANG_ENABLE_OBJC_ARC = YES;
				CLANG_WARN_BOOL_CONVERSION = YES;
				CLANG_WARN_CONSTANT_CONVERSION = YES;
				CLANG_WARN_DIRECT_OBJC_ISA_USAGE = YES_ERROR;
				CLANG_WARN_EMPTY_BODY = YES;
				CLANG_WARN_ENUM_CONVERSION = YES;
				CLANG_WARN_INT_CONVERSION = YES;
				CLANG_WARN_OBJC_ROOT_CLASS = YES_ERROR;
				CLANG_WARN_UNREACHABLE_CODE = YES;
				CLANG_WARN__DUPLICATE_METHOD_MATCH = YES;
				"CODE_SIGN_IDENTITY[sdk=iphoneos*]" = "iPhone Developer";
				COPY_PHASE_STRIP = NO;
				DEBUG_INFORMATION_FORMAT = dwarf;
				ENABLE_STRICT_OBJC_MSGSEND = YES;
				ENABLE_TESTABILITY = YES;
				GCC_C_LANGUAGE_STANDARD = gnu99;
				GCC_DYNAMIC_NO_PIC = NO;
				GCC_NO_COMMON_BLOCKS = YES;
				GCC_OPTIMIZATION_LEVEL = 0;
				GCC_PREPROCESSOR_DEFINITIONS = (
					"DEBUG=1",
					"$(inherited)",
				);
				GCC_WARN_64_TO_32_BIT_CONVERSION = YES;
				GCC_WARN_ABOUT_RETURN_TYPE = YES_ERROR;
				GCC_WARN_UNDECLARED_SELECTOR = YES;
				GCC_WARN_UNINITIALIZED_AUTOS = YES_AGGRESSIVE;
				GCC_WARN_UNUSED_FUNCTION = YES;
				GCC_WARN_UNUSED_VARIABLE = YES;
				IPHONEOS_DEPLOYMENT_TARGET = 9.2;
				MTL_ENABLE_DEBUG_INFO = YES;
				ONLY_ACTIVE_ARCH = YES;
				SDKROOT = iphoneos;
				SWIFT_OPTIMIZATION_LEVEL = "-Onone";
				TARGETED_DEVICE_FAMILY = "1,2";
			};
			name = Debug;
		};
		D17F375E1CBEA202007E19F9 /* Release */ = {
			isa = XCBuildConfiguration;
			buildSettings = {
				ALWAYS_SEARCH_USER_PATHS = NO;
				CLANG_CXX_LANGUAGE_STANDARD = "gnu++0x";
				CLANG_CXX_LIBRARY = "libc++";
				CLANG_ENABLE_MODULES = YES;
				CLANG_ENABLE_OBJC_ARC = YES;
				CLANG_WARN_BOOL_CONVERSION = YES;
				CLANG_WARN_CONSTANT_CONVERSION = YES;
				CLANG_WARN_DIRECT_OBJC_ISA_USAGE = YES_ERROR;
				CLANG_WARN_EMPTY_BODY = YES;
				CLANG_WARN_ENUM_CONVERSION = YES;
				CLANG_WARN_INT_CONVERSION = YES;
				CLANG_WARN_OBJC_ROOT_CLASS = YES_ERROR;
				CLANG_WARN_UNREACHABLE_CODE = YES;
				CLANG_WARN__DUPLICATE_METHOD_MATCH = YES;
				"CODE_SIGN_IDENTITY[sdk=iphoneos*]" = "iPhone Developer";
				COPY_PHASE_STRIP = NO;
				DEBUG_INFORMATION_FORMAT = "dwarf-with-dsym";
				ENABLE_NS_ASSERTIONS = NO;
				ENABLE_STRICT_OBJC_MSGSEND = YES;
				GCC_C_LANGUAGE_STANDARD = gnu99;
				GCC_NO_COMMON_BLOCKS = YES;
				GCC_WARN_64_TO_32_BIT_CONVERSION = YES;
				GCC_WARN_ABOUT_RETURN_TYPE = YES_ERROR;
				GCC_WARN_UNDECLARED_SELECTOR = YES;
				GCC_WARN_UNINITIALIZED_AUTOS = YES_AGGRESSIVE;
				GCC_WARN_UNUSED_FUNCTION = YES;
				GCC_WARN_UNUSED_VARIABLE = YES;
				IPHONEOS_DEPLOYMENT_TARGET = 9.2;
				MTL_ENABLE_DEBUG_INFO = NO;
				SDKROOT = iphoneos;
				TARGETED_DEVICE_FAMILY = "1,2";
				VALIDATE_PRODUCT = YES;
			};
			name = Release;
		};
		D17F37601CBEA202007E19F9 /* Debug */ = {
			isa = XCBuildConfiguration;
			buildSettings = {
				ASSETCATALOG_COMPILER_APPICON_NAME = AppIcon;
				INFOPLIST_FILE = PostNote/Info.plist;
				LD_RUNPATH_SEARCH_PATHS = "$(inherited) @executable_path/Frameworks";
				PRODUCT_BUNDLE_IDENTIFIER = "-.PostNote";
				PRODUCT_NAME = "$(TARGET_NAME)";
				TARGETED_DEVICE_FAMILY = 1;
			};
			name = Debug;
		};
		D17F37611CBEA202007E19F9 /* Release */ = {
			isa = XCBuildConfiguration;
			buildSettings = {
				ASSETCATALOG_COMPILER_APPICON_NAME = AppIcon;
				INFOPLIST_FILE = PostNote/Info.plist;
				LD_RUNPATH_SEARCH_PATHS = "$(inherited) @executable_path/Frameworks";
				PRODUCT_BUNDLE_IDENTIFIER = "-.PostNote";
				PRODUCT_NAME = "$(TARGET_NAME)";
				TARGETED_DEVICE_FAMILY = 1;
			};
			name = Release;
		};
/* End XCBuildConfiguration section */

/* Begin XCConfigurationList section */
		D17F37451CBEA202007E19F9 /* Build configuration list for PBXProject "PostNote" */ = {
			isa = XCConfigurationList;
			buildConfigurations = (
				D17F375D1CBEA202007E19F9 /* Debug */,
				D17F375E1CBEA202007E19F9 /* Release */,
			);
			defaultConfigurationIsVisible = 0;
			defaultConfigurationName = Release;
		};
		D17F375F1CBEA202007E19F9 /* Build configuration list for PBXNativeTarget "PostNote" */ = {
			isa = XCConfigurationList;
			buildConfigurations = (
				D17F37601CBEA202007E19F9 /* Debug */,
				D17F37611CBEA202007E19F9 /* Release */,
			);
			defaultConfigurationIsVisible = 0;
			defaultConfigurationName = Release;
		};
/* End XCConfigurationList section */

/* Begin XCVersionGroup section */
		D17F37541CBEA202007E19F9 /* PostNote.xcdatamodeld */ = {
			isa = XCVersionGroup;
			children = (
				D17F37551CBEA202007E19F9 /* PostNote.xcdatamodel */,
			);
			currentVersion = D17F37551CBEA202007E19F9 /* PostNote.xcdatamodel */;
			path = PostNote.xcdatamodeld;
			sourceTree = "<group>";
			versionGroupType = wrapper.xcdatamodel;
		};
/* End XCVersionGroup section */
	};
	rootObject = D17F37421CBEA202007E19F9 /* Project object */;
}
